version = 1
revision = 3
requires-python = ">=3.13"

[[package]]
name = "arpeggio"
version = "2.0.3"
source = { registry = "https://pypi.org/simple" }
sdist = { url = "https://files.pythonhosted.org/packages/3b/58/ba011f3cf8291804ce80f9d81289ac15f0319a27f9d7e3c124aa5e4981cc/Arpeggio-2.0.3.tar.gz", hash = "sha256:9e85ad35cfc6c938676817c7ae9a1000a7c72a34c71db0c687136c460d12b85e", size = 766566, upload-time = "2025-09-12T12:45:20.594Z" }
wheels = [
    { url = "https://files.pythonhosted.org/packages/84/4d/53b8186b41842f7a5e971b1d1c28e678364dcf841e4170f5d14d38ac1e2a/Arpeggio-2.0.3-py2.py3-none-any.whl", hash = "sha256:9374d9c531b62018b787635f37fd81c9a6ee69ef2d28c5db3cd18791b1f7db2f", size = 54656, upload-time = "2025-09-12T12:45:17.971Z" },
]

[[package]]
name = "test-arpeggio"
version = "0.1.0"
source = { virtual = "." }
dependencies = [
    { name = "arpeggio" },
]

[package.metadata]
requires-dist = [{ name = "arpeggio", specifier = ">=2.0.3" }]
